
Microsoft Visual Studio Solution File, Format Version 12.00
# Visual Studio Version 17
VisualStudioVersion = 17.2.32526.322
MinimumVisualStudioVersion = 10.0.40219.1
Project("{FAE04EC0-301F-11D3-BF4B-00C04F79EFBC}") = "Szyfr Cezara", "Szyfr Cezara\Szyfr Cezara.csproj", "{DBAD6C0C-52BE-4550-AA6D-6D62278C34BA}"
EndProject
Project("{FAE04EC0-301F-11D3-BF4B-00C04F79EFBC}") = "Szyfr Polibiusza", "Szyfr Polibiusza\Szyfr Polibiusza.csproj", "{DFF4F6A6-15F2-4056-8DE3-A0C0D90B9A71}"
EndProject
Global
	GlobalSection(SolutionConfigurationPlatforms) = preSolution
		Debug|Any CPU = Debug|Any CPU
		Release|Any CPU = Release|Any CPU
	EndGlobalSection
	GlobalSection(ProjectConfigurationPlatforms) = postSolution
		{DBAD6C0C-52BE-4550-AA6D-6D62278C34BA}.Debug|Any CPU.ActiveCfg = Debug|Any CPU
		{DBAD6C0C-52BE-4550-AA6D-6D62278C34BA}.Debug|Any CPU.Build.0 = Debug|Any CPU
		{DBAD6C0C-52BE-4550-AA6D-6D62278C34BA}.Release|Any CPU.ActiveCfg = Release|Any CPU
		{DBAD6C0C-52BE-4550-AA6D-6D62278C34BA}.Release|Any CPU.Build.0 = Release|Any CPU
		{DFF4F6A6-15F2-4056-8DE3-A0C0D90B9A71}.Debug|Any CPU.ActiveCfg = Debug|Any CPU
		{DFF4F6A6-15F2-4056-8DE3-A0C0D90B9A71}.Debug|Any CPU.Build.0 = Debug|Any CPU
		{DFF4F6A6-15F2-4056-8DE3-A0C0D90B9A71}.Release|Any CPU.ActiveCfg = Release|Any CPU
		{DFF4F6A6-15F2-4056-8DE3-A0C0D90B9A71}.Release|Any CPU.Build.0 = Release|Any CPU
	EndGlobalSection
	GlobalSection(SolutionProperties) = preSolution
		HideSolutionNode = FALSE
	EndGlobalSection
	GlobalSection(ExtensibilityGlobals) = postSolution
		SolutionGuid = {D526383C-C23C-4CF5-8F69-446EB6BCE88E}
	EndGlobalSection
EndGlobal
